23080
 
 "dev": true,
23081
 
 "license": "MIT",
23082
 
 "dependencies": {
23083
 
 "ansi-styles": "^4.0.0",
23084
 
 "string-width": "^4.1.0",
23085
 
 "strip-ansi": "^6.0.0"
23086
      },
23087
 
 "engines": {
23088
 
 "node": ">=10"
23089
      },
23090
 
 "funding": {
23091
 
 "url": "https://github.com/chalk/wrap-ansi?sponsor=1"
23092
      }
23093
    },
23094
 
 "node_modules/wrap-ansi/node_modules/ansi-regex": {
23095
 
 "version": "6.1.0",
23096
 
 "resolved": "https://registry.npmjs.org/ansi-regex/-/ansi-regex-6.1.0.tgz",
23097
 
 "integrity": "sha512-7HSX4QQb4CspciLpVFwyRe79O3xsIZDDLER21kERQ71oaPodF8jL725AgJMFAYbooIqolJoRLuM81SpeUkpkvA==",
23098
 
 "dev": true,
23099
 
 "license": "MIT",
23100
 
 "engines": {
23101
 
 "node": ">=12"
23102
      },
23103
 
 "funding": {
23104
 
 "url": "https://github.com/chalk/ansi-regex?sponsor=1"
23105
      }
23106
    },
23107
 
 "node_modules/wrap-ansi/node_modules/ansi-styles": {
23108
 
 "version": "6.2.1",
23109
 
 "resolved": "https://registry.npmjs.org/ansi-styles/-/ansi-styles-6.2.1.tgz",
23110
 
 "integrity": "sha512-bN798gFfQX+viw3R7yrGWRqnrN2oRkEkUjjl4JNn4E8GxxbjtG3FbrEIIY3l8/hrwUwIeCZvi4QuOTP4MErVug==",
23111
 
 "dev": true,
23112
 
 "license": "MIT",
23113
 
 "engines": {
23114
 
 "node": ">=12"
23115
      },
23116
 
 "funding": {
23117
 
 "url": "https://github.com/chalk/ansi-styles?sponsor=1"
23118
      }
23119
    },
23120
 
 "node_modules/wrap-ansi/node_modules/emoji-regex": {
23121
 
 "version": "9.2.2",
23122
 
 "resolved": "https://registry.npmjs.org/emoji-regex/-/emoji-regex-9.2.2.tgz",
23123
 
 "integrity": "sha512-L18DaJsXSUk2+42pv8mLs5jJT2hqFkFE4j21wOmgbUqsZ2hL72NsUU785g9RXgo3s0ZNgVl42TiHp3ZtOv/Vyg==",
23124
 
 "dev": true,
23125
 
 "license": "MIT"
23126
    },
23127
 
 "node_modules/wrap-ansi/node_modules/string-width": {
23128
 
 "version": "5.1.2",
23129
 
 "resolved": "https://registry.npmjs.org/string-width/-/string-width-5.1.2.tgz",
23130
 
 "integrity": "sha512-HnLOCR3vjcY8beoNLtcjZ5/nxn2afmME6lhrDrebokqMap+XbeW8n9TXpPDOqdGK5qcI3oT0GKTW6wC7EMiVqA==",
23131
 
 "dev": true,
23132
 
 "license": "MIT",
23133
 
 "dependencies": {
23134
 
 "eastasianwidth": "^0.2.0",
23135
 
 "emoji-regex": "^9.2.2",
23136
 
 "strip-ansi": "^7.0.1"
23137
      },
23138
 
 "engines": {
23139
 
 "node": ">=12"
23140
      },
23141
 
 "funding": {
23142
 
 "url": "https://github.com/sponsors/sindresorhus"
23143
      }
23144
    },
23145
 
 "node_modules/wrap-ansi/node_modules/strip-ansi": {
23146
 
 "version": "7.1.0",
23147
 
 "resolved": "https://registry.npmjs.org/strip-ansi/-/strip-ansi-7.1.0.tgz",
23148
 
 "integrity": "sha512-iq6eVVI64nQQTRYq2KtEg2d2uU7LElhTJwsH4YzIHZshxlgZms/wIc4VoDQTlG/IvVIrBKG06CrZnp0qv7hkcQ==",
23149
 
 "dev": true,
23150
 
 "license": "MIT",
23151
 
 "dependencies": {
23152
 
 "ansi-regex": "^6.0.1"
23153
      },
23154
 
 "engines": {
23155
 
 "node": ">=12"
23156
      },
23157
 
 "funding": {
23158
 
 "url": "https://github.com/chalk/strip-ansi?sponsor=1"
23159
      }
23160
    },
23161
 
 "node_modules/wrappy": {
23162
 
 "version": "1.0.2",
23163
 
 "resolved": "https://registry.npmjs.org/wrappy/-/wrappy-1.0.2.tgz",
23164
 
 "integrity": "sha512-l4Sp/DRseor9wL6EvV2+TuQn63dMkPjZ/sp9XkghTEbV9KlPS1xUsZ3u7/IQO4wxtcFB4bgpQPRcR3QCvezPcQ==",
23165
 
 "dev": true,
23166
 
 "license": "ISC"
23167
    },
23168
 
 "node_modules/write-file-atomic": {
23169
 
 "version": "5.0.1",
23170
 
 "resolved": "https://registry.npmjs.org/write-file-atomic/-/write-file-atomic-5.0.1.tgz",
23171
 
 "integrity": "sha512-+QU2zd6OTD8XWIJCbffaiQeH9U73qIqafo1x6V1snCWYGJf6cVE0cDR4D8xRzcEnfI21IFrUPzPGtcPf8AC+Rw==",
23172
 
 "dev": true,
23173
 
 "license": "ISC",
23174
 
 "dependencies": {
23175
 
 "imurmurhash": "^0.1.4",
23176
 
 "signal-exit": "^4.0.1"
23177
      },
23178
 
 "engines": {
23179
 
 "node": "^14.17.0 || ^16.13.0 || >=18.0.0"
23180
      }
23181
    },
23182
 
 "node_modules/write-file-atomic/node_modules/signal-exit": {
23183
 
 "version": "4.1.0",
23184
 
 "resolved": "https://registry.npmjs.org/signal-exit/-/signal-exit-4.1.0.tgz",
23185
 
 "integrity": "sha512-bzyZ1e88w9O1iNJbKnOlvYTrWPDl46O1bG0D3XInv+9tkPrxrN8jUUTiFlDkkmKWgn1M6CfIA13SuGqOa9Korw==",
23186
 
 "dev": true,
23187
 
 "license": "ISC",
23188
 
 "engines": {
23189
 
 "node": ">=14"
23190
      },
23191
 
 "funding": {
23192
 
 "url": "https://github.com/sponsors/isaacs"
23193
      }
23194
    },
23195
 
 "node_modules/tailwindcss-animate": {
23196
 
 "version": "1.0.7",
23197
 
 "resolved": "https://registry.npmjs.org/tailwindcss-animate/-/tailwindcss-animate-1.0.7.tgz",
23198
 
 "integrity": "sha512-bl6mpH3T7I3UFxuvDEXLxy/VuFxBk5bbzplh7tXI68mwMokNYd1t9qPBHlnyTwfa4JGC4zP516I1hYYtQ/vspA==",
23199
 
 "dev": true,
23200
 
 "license": "MIT",
23201
 
 "peerDependencies": {
23202
 
 "tailwindcss": ">=3.0.0 || insiders"
23203
      }
23204
    }