3776
    "dev": true,
3777
    "license": "MIT"
3778
  },
3779
  "node_modules/@opentelemetry/api": {
3780
    "version": "1.9.0",
3781
    "resolved": "https://registry.npmjs.org/@opentelemetry/api/-/api-1.9.0.tgz",
3782
    "integrity": "sha512-3giAOQvZiH5F9bMlMiv8+GSPMeqg0dbaeo58/0SlA9sxSqZhnUtxzX9/2FzyhS9sWQf5S0GJE0AKBrFqjpeYcg==",
3783
    "dev": true,
3784
    "engines": {
3785
      "node": ">=8.0.0"
3786
    }
3787
  },
3788
  "node_modules/@opentelemetry/instrumentation-pg/node_modules/@opentelemetry/core": {
3789
    "version": "1.30.1",
3790
    "resolved": "https://registry.npmjs.org/@opentelemetry/core/-/core-1.30.1.tgz",
3791
    "integrity": "sha512-OOCM2C/QIURhJMuKaekP3TRBxBKxG/TWWA0TL2J6nXUtDnuCtccy49LUJF8xPFXMX+0LMcxFpCo8M9cGY1W6rQ==",
3792
    "dev": true,
3793
    "dependencies": {
3794
      "@opentelemetry/semantic-conventions": "1.28.0"
3795
    },
3796
    "engines": {
3797
      "node": ">=14"
3798
    },
3799
    "peerDependencies": {
3800
      "@opentelemetry/api": ">=1.0.0 <1.10.0"
3801
    }
3802
  },
3803
  "node_modules/@opentelemetry/instrumentation-pg/node_modules/@opentelemetry/semantic-conventions": {
3804
    "version": "1.28.0",
3805
    "resolved": "https://registry.npmjs.org/@opentelemetry/semantic-conventions/-/semantic-conventions-1.28.0.tgz",
3806
    "integrity": "sha512-lp4qAiMTD4sNWW4DbKLBkfiMZ4jbAboJIGOQr5DvciMRI494OapieI9qiODpOt0XBr1LjIDy1xAGAnVs5supTA==",
3807
    "dev": true,
3808
    "engines": {
3809
      "node": ">=14"
3810
    }
3811
  },
3812
  "node_modules/@opentelemetry/instrumentation-redis-4": {
3813
    "version": "0.46.1",
3814
    "resolved": "https://registry.npmjs.org/@opentelemetry/instrumentation-redis-4/-/instrumentation-redis-4-0.46.1.tgz",
3815
    "integrity": "sha512-UMqleEoabYMsWoTkqyt9WAzXwZ4BlFZHO40wr3d5ZvtjKCHlD4YXLm+6OLCeIi/HkX7EXvQaz8gtAwkwwSEvcQ==",
3816
    "dev": true,
3817
    "dependencies": {
3818
      "@opentelemetry/instrumentation": "^0.57.1",
3819
      "@opentelemetry/redis-common": "^0.36.2",
3820
      "@opentelemetry/semantic-conventions": "^1.27.0"
3821
    },
3822
    "engines": {
3823
      "node": ">=14"
3824
    },
3825
    "peerDependencies": {
3826
      "@opentelemetry/api": "^1.3.0"
3827
    }
3828
  },
3829
  "node_modules/@opentelemetry/instrumentation-tedious": {
3830
    "version": "0.18.1",
3831
    "resolved": "https://registry.npmjs.org/@opentelemetry/instrumentation-tedious/-/instrumentation-tedious-0.18.1.tgz",
3832
    "integrity": "sha512-5Cuy/nj0HBaH+ZJ4leuD7RjgvA844aY2WW+B5uLcWtxGjRZl3MNLuxnNg5DYWZNPO+NafSSnra0q49KWAHsKBg==",
3833
    "dev": true,
3834
    "dependencies": {
3835
      "@opentelemetry/instrumentation": "^0.57.1",
3836
      "@opentelemetry/semantic-conventions": "^1.27.0",
3837
      "@types/tedious": "^4.0.14"
3838
    },
3839
    "engines": {
3840
      "node": ">=14"
3841
    },
3842
    "peerDependencies": {
3843
      "@opentelemetry/api": "^1.3.0"
3844
    }
3845
  },
3846
  "node_modules/@opentelemetry/instrumentation-undici": {
3847
    "version": "0.10.1",
3848
    "resolved": "https://registry.npmjs.org/@opentelemetry/instrumentation-undici/-/instrumentation-undici-0.10.1.tgz",
3849
    "integrity": "sha512-rkOGikPEyRpMCmNu9AQuV5dtRlDmJp2dK5sw8roVshAGoB6hH/3QjDtRhdwd75SsJwgynWUNRUYe0wAkTo16tQ==",
3850
    "dev": true,
3851
    "dependencies": {
3852
      "@opentelemetry/core": "^1.8.0",
3853
      "@opentelemetry/instrumentation": "^0.57.1"
3854
    },
3855
    "engines": {
3856
      "node": ">=14"
3857
    },
3858
    "peerDependencies": {
3859
      "@opentelemetry/api": "^1.7.0"
3860
    }
3861
  },
3862
  "node_modules/@opentelemetry/instrumentation-undici/node_modules/@opentelemetry/core": {
3863
    "version": "1.30.1",
3864
    "resolved": "https://registry.npmjs.org/@opentelemetry/core/-/core-1.30.1.tgz",
3865
    "integrity": "sha512-OOCM2C/QIURhJMuKaekP3TRBxBKxG/TWWA0TL2J6nXUtDnuCtccy49LUJF8xPFXMX+0LMcxFpCo8M9cGY1W6rQ==",
3866
    "dev": true,
3867
    "dependencies": {
3868
      "@opentelemetry/semantic-conventions": "1.28.0"
3869
    },
3870
    "engines": {
3871
      "node": ">=14"
3872
    },
3873
    "peerDependencies": {
3874
      "@opentelemetry/api": ">=1.0.0 <1.10.0"
3875
    }
3876
  },
3877
  "node_modules/@opentelemetry/instrumentation-undici/node_modules/@opentelemetry/semantic-conventions": {
3878
    "version": "1.28.0",
3879
    "resolved": "https://registry.npmjs.org/@opentelemetry/semantic-conventions/-/semantic-conventions-1.28.0.tgz",
3880
    "integrity": "sha512-lp4qAiMTD4sNWW4DbKLBkfiMZ4jbAboJIGOQr5DvciMRI494OapieI9qiODpOt0XBr1LjIDy1xAGAnVs5supTA==",
3881
    "dev": true,
3882
    "engines": {
3883
      "node": ">=14"
3884
    }
3885
  },
3886
  "node_modules/@opentelemetry/instrumentation/node_modules/@opentelemetry/api-logs": {