24132
  "cliui": "^7.0.2",
24133
  "escalade": "^3.1.1",
24134
  "get-caller-file": "^2.0.5",
24135
  "require-directory": "^2.1.1",
24136
  "string-width": "^4.2.0",
24137
  "y18n": "^5.0.5",
24138
  "yargs-parser": "^20.2.2"
24139      },
24140
  "engines": {
24141
  "node": ">=12"
24142      }
24143    },
24144
  "node_modules/yargs-parser": {
24145
  "version": "21.1.1",
24146
  "resolved": "https://registry.npmjs.org/yargs-parser/-/yargs-parser-21.1.1.tgz",
24147
  "integrity": "sha512-tVpsJW7DdjecAiFpbIB1e3qxIQsE6NoPc5/eTdrbbIC4h0LVsWhnoa3g+m2HclBIujHzsxZ4VJVA+GUuc2/LBw==",
24148
  "dev": true,
24149
  "license": "ISC",
24150
  "engines": {
24151
  "node": ">=12"
24152      }
24153    },
24154
  "node_modules/yargs-unparser": {
24155
  "version": "2.0.0",
24156
  "resolved": "https://registry.npmjs.org/yargs-unparser/-/yargs-unparser-2.0.0.tgz",
24157
  "integrity": "sha512-7pRTIA9Qc1caZ0bZ6RYRGbHJthJWuakf+WmHK0rVeLkNrrGhfoabBNdue6kdINI6r4if7ocq9aD/n7xwKOdzOA==",
24158
  "dev": true,
24159
  "license": "MIT",
24160
  "dependencies": {
24161
  "camelcase": "^6.0.0",
24162
  "decamelize": "^4.0.0",
24163
  "flat": "^5.0.2",
24164
  "is-plain-obj": "^2.1.0"
24165      },
24166
  "engines": {
24167
  "node": ">=10"
24168      }
24169    },
24170
  "node_modules/yargs-unparser/node_modules/camelcase": {
24171
  "version": "6.3.0",
24172
  "resolved": "https://registry.npmjs.org/camelcase/-/camelcase-6.3.0.tgz",
24173
  "integrity": "sha512-Gmy6FhYlCY7uOElZUSbxo2UCDH8owEk996gkbrpsgGtrJLM3J7jGxl9Ic7Qwwj4ivOE5AWZWRMecDdF7hqGjFA==",
24174
  "dev": true,
24175
  "license": "MIT",
24176
  "engines": {
24177
  "node": ">=10"
24178      },
24179
  "funding": {
24180
  "url": "https://github.com/sponsors/sindresorhus"
24181      }
24182    },
24183
  "node_modules/yargs-unparser/node_modules/is-plain-obj": {
24184
  "version": "2.1.0",
24185
  "resolved": "https://registry.npmjs.org/is-plain-obj/-/is-plain-obj-2.1.0.tgz",
24186
  "integrity": "sha512-YWnfyRwxL/+SsrWYfOpUtz5b3YD+nyfkHvjbcanzk8zgyO4ASD67uVMRt8k5bM4lLMDnXfriRhOpemw+NfT1eA==",
24187
  "dev": true,
24188
  "license": "MIT",
24189
  "engines": {
24190
  "node": ">=8"
24191      }
24192    },
24193
  "node_modules/yargs/node_modules/yargs-parser": {
24194
  "version": "20.2.9",
24195
  "resolved": "https://registry.npmjs.org/yargs-parser/-/yargs-parser-20.2.9.tgz",
24196
  "integrity": "sha512-y11nGElTIV+CT3Zv9t7VKl+Q3hTQoT9a1Qzezhhl6Rp21gJ/IVTW7Z3y9EWXhuUBC2Shnf+DX0antecpAwSP8w==",
24197
  "dev": true,
24198
  "license": "ISC",
24199
  "engines": {
24200
  "node": ">=10"
24201      }
24202    },
24203
  "node_modules/yauzl": {
24204
  "version": "2.10.0",
24205
  "resolved": "https://registry.npmjs.org/yauzl/-/yauzl-2.10.0.tgz",
24206
  "integrity": "sha512-p4a9I6X6nu6IhoGmBqAcbJy1mlC4j27vEPZX9F4L4/vZT3Lyq1VkFHw/V/PUcB9Buo+DG3iHkT0x3Qya58zc3g==",
24207
  "dev": true,
24208
  "license": "MIT",
24209
  "dependencies": {
24210
  "buffer-crc32": "~0.2.3",
24211
  "fd-slicer": "~1.1.0"
24212      }
24213    },
24214
  "node_modules/yocto-queue": {
24215
  "version": "0.1.0",
24216
  "resolved": "https://registry.npmjs.org/yocto-queue/-/yocto-queue-0.1.0.tgz",
24217
  "integrity": "sha512-rVksvsnNCdJ/ohGc6xgPwyN8eheCxsiLM8mxuE/t/mOVqJewPuO1miLpTHQiRgTKCLexL4MeAFVagts7HmNZ2Q==",
24218
  "dev": true,
24219
  "license": "MIT",
24220
  "engines": {
24221
  "node": ">=10"
24222      },
24223
  "funding": {
24224
  "url": "https://github.com/sponsors/sindresorhus"
24225      }
24226    },
24227
  "node_modules/zod": {
24228
  "version": "4.0.17",
24229
  "resolved": "https://registry.npmjs.org/zod/-/zod-4.0.17.tgz",
24230
  "integrity": "sha512-1PHjlYRevNxxdy2JZ8JcNAw7rX8V9P1AKkP+x/xZfxB0K5FYfuV+Ug6P/6NVSR2jHQ+FzDDoDHS04nYUsOIyLQ==",
24231
  "license": "MIT",
24232
  "funding": {
24233
  "url": "https://github.com/sponsors/colinhacks"
24234      }
24235    }
24236  }
24237}